// !$*UTF8*$!
{
	archiveVersion = 1;
	classes = {
	};
	objectVersion = 48;
	objects = {

/* Begin PBXBuildFile section */
		4DBE6E0D2066EE8700081F1F /* AppDelegate.m in Sources */ = {isa = PBXBuildFile; fileRef = 4DBE6E0C2066EE8700081F1F /* AppDelegate.m */; };
		4DBE6E102066EE8700081F1F /* ViewController.m in Sources */ = {isa = PBXBuildFile; fileRef = 4DBE6E0F2066EE8700081F1F /* ViewController.m */; };
		4DBE6E132066EE8700081F1F /* Main.storyboard in Resources */ = {isa = PBXBuildFile; fileRef = 4DBE6E112066EE8700081F1F /* Main.storyboard */; };
		4DBE6E152066EE8700081F1F /* Assets.xcassets in Resources */ = {isa = PBXBuildFile; fileRef = 4DBE6E142066EE8700081F1F /* Assets.xcassets */; };
		4DBE6E182066EE8700081F1F /* LaunchScreen.storyboard in Resources */ = {isa = PBXBuildFile; fileRef = 4DBE6E162066EE8700081F1F /* LaunchScreen.storyboard */; };
		4DBE6E1B2066EE8700081F1F /* main.m in Sources */ = {isa = PBXBuildFile; fileRef = 4DBE6E1A2066EE8700081F1F /* main.m */; };
/* End PBXBuildFile section */

/* Begin PBXFileReference section */
		4DBE6E082066EE8700081F1F /* DrillApp.app */ = {isa = PBXFileReference; explicitFileType = wrapper.application; includeInIndex = 0; path = DrillApp.app; sourceTree = BUILT_PRODUCTS_DIR; };
		4DBE6E0B2066EE8700081F1F /* AppDelegate.h */ = {isa = PBXFileReference; lastKnownFileType = sourcecode.c.h; path = AppDelegate.h; sourceTree = "<group>"; };
		4DBE6E0C2066EE8700081F1F /* AppDelegate.m */ = {isa = PBXFileReference; lastKnownFileType = sourcecode.c.objc; path = AppDelegate.m; sourceTree = "<group>"; };
		4DBE6E0E2066EE8700081F1F /* ViewController.h */ = {isa = PBXFileReference; lastKnownFileType = sourcecode.c.h; path = ViewController.h; sourceTree = "<group>"; };
		4DBE6E0F2066EE8700081F1F /* ViewController.m */ = {isa = PBXFileReference; lastKnownFileType = sourcecode.c.objc; path = ViewController.m; sourceTree = "<group>"; };
		4DBE6E122066EE8700081F1F /* Base */ = {isa = PBXFileReference; lastKnownFileType = file.storyboard; name = Base; path = Base.lproj/Main.storyboard; sourceTree = "<group>"; };
		4DBE6E142066EE8700081F1F /* Assets.xcassets */ = {isa = PBXFileReference; lastKnownFileType = folder.assetcatalog; path = Assets.xcassets; sourceTree = "<group>"; };
		4DBE6E172066EE8700081F1F /* Base */ = {isa = PBXFileReference; lastKnownFileType = file.storyboard; name = Base; path = Base.lproj/LaunchScreen.storyboard; sourceTree = "<group>"; };
		4DBE6E192066EE8700081F1F /* Info.plist */ = {isa = PBXFileReference; lastKnownFileType = text.plist.xml; path = Info.plist; sourceTree = "<group>"; };
		4DBE6E1A2066EE8700081F1F /* main.m */ = {isa = PBXFileReference; lastKnownFileType = sourcecode.c.objc; path = main.m; sourceTree = "<group>"; };
/* End PBXFileReference section */

/* Begin PBXFrameworksBuildPhase section */
		4DBE6E052066EE8700081F1F /* Frameworks */ = {
			isa = PBXFrameworksBuildPhase;
			buildActionMask = 2147483647;
			files = (
			);
			runOnlyForDeploymentPostprocessing = 0;
		};
/* End PBXFrameworksBuildPhase section */

/* Begin PBXGroup section */
		4DBE6DFF2066EE8700081F1F = {
			isa = PBXGroup;
			children = (
				4DBE6E0A2066EE8700081F1F /* DrillApp */,
				4DBE6E092066EE8700081F1F /* Products */,
			);
			sourceTree = "<group>";
		};
		4DBE6E092066EE8700081F1F /* Products */ = {
			isa = PBXGroup;
			children = (
				4DBE6E082066EE8700081F1F /* DrillApp.app */,
			);
			name = Products;
			sourceTree = "<group>";
		};
		4DBE6E0A2066EE8700081F1F /* DrillApp */ = {
			isa = PBXGroup;
			children = (
				4DBE6E0B2066EE8700081F1F /* AppDelegate.h */,
				4DBE6E0C2066EE8700081F1F /* AppDelegate.m */,
				4DBE6E0E2066EE8700081F1F /* ViewController.h */,
				4DBE6E0F2066EE8700081F1F /* ViewController.m */,
				4DBE6E112066EE8700081F1F /* Main.storyboard */,
				4DBE6E142066EE8700081F1F /* Assets.xcassets */,
				4DBE6E162066EE8700081F1F /* LaunchScreen.storyboard */,
				4DBE6E192066EE8700081F1F /* Info.plist */,
				4DBE6E1A2066EE8700081F1F /* main.m */,
			);
			path = DrillApp;
			sourceTree = "<group>";
		};
/* End PBXGroup section */

/* Begin PBXNativeTarget section */
		4DBE6E072066EE8700081F1F /* DrillApp */ = {
			isa = PBXNativeTarget;
			buildConfigurationList = 4DBE6E1E2066EE8700081F1F /* Build configuration list for PBXNativeTarget "DrillApp" */;
			buildPhases = (
				4DBE6E042066EE8700081F1F /* Sources */,
				4DBE6E052066EE8700081F1F /* Frameworks */,
				4DBE6E062066EE8700081F1F /* Resources */,
			);
			buildRules = (
			);
			dependencies = (
			);
			name = DrillApp;
			productName = DrillApp;
			productReference = 4DBE6E082066EE8700081F1F /* DrillApp.app */;
			productType = "com.apple.product-type.application";
		};
/* End PBXNativeTarget section */

/* Begin PBXProject section */
		4DBE6E002066EE8700081F1F /* Project object */ = {
			isa = PBXProject;
			attributes = {
				LastUpgradeCheck = 0920;
				ORGANIZATIONNAME = Mark;
				TargetAttributes = {
					4DBE6E072066EE8700081F1F = {
						CreatedOnToolsVersion = 9.2;
						ProvisioningStyle = Automatic;
					};
				};
			};
			buildConfigurationList = 4DBE6E032066EE8700081F1F /* Build configuration list for PBXProject "DrillApp" */;
			compatibilityVersion = "Xcode 8.0";
			developmentRegion = en;
			hasScannedForEncodings = 0;
			knownRegions = (
				en,
				Base,
			);
			mainGroup = 4DBE6DFF2066EE8700081F1F;
			productRefGroup = 4DBE6E092066EE8700081F1F /* Products */;
			projectDirPath = "";
			projectRoot = "";
			targets = (
				4DBE6E072066EE8700081F1F /* DrillApp */,
			);
		};
/* End PBXProject section */

/* Begin PBXResourcesBuildPhase section */
		4DBE6E062066EE8700081F1F /* Resources */ = {
			isa = PBXResourcesBuildPhase;
			buildActionMask = 2147483647;
			files = (
				4DBE6E182066EE8700081F1F /* LaunchScreen.storyboard in Resources */,
				4DBE6E152066EE8700081F1F /* Assets.xcassets in Resources */,
				4DBE6E132066EE8700081F1F /* Main.storyboard in Resources */,
			);
			runOnlyForDeploymentPostprocessing = 0;
		};
/* End PBXResourcesBuildPhase section */

/* Begin PBXSourcesBuildPhase section */
		4DBE6E042066EE8700081F1F /* Sources */ = {
			isa = PBXSourcesBuildPhase;
			buildActionMask = 2147483647;
			files = (
				4DBE6E102066EE8700081F1F /* ViewController.m in Sources */,
				4DBE6E1B2066EE8700081F1F /* main.m in Sources */,
				4DBE6E0D2066EE8700081F1F /* AppDelegate.m in Sources */,
			);
			runOnlyForDeploymentPostprocessing = 0;
		};
/* End PBXSourcesBuildPhase section */

/* Begin PBXVariantGroup section */
		4DBE6E112066EE8700081F1F /* Main.storyboard */ = {
			isa = PBXVariantGroup;
			children = (
				4DBE6E122066EE8700081F1F /* Base */,
			);
			name = Main.storyboard;
			sourceTree = "<group>";
		};
		4DBE6E162066EE8700081F1F /* LaunchScreen.storyboard */ = {
			isa = PBXVariantGroup;
			children = (
				4DBE6E172066EE8700081F1F /* Base */,
			);
			name = LaunchScreen.storyboard;
			sourceTree = "<group>";
		};
/* End PBXVariantGroup section */

/* Begin XCBuildConfiguration section */
		4DBE6E1C2066EE8700081F1F /* Debug */ = {
			isa = XCBuildConfiguration;
			buildSettings = {
				ALWAYS_SEARCH_USER_PATHS = NO;
				CLANG_ANALYZER_NONNULL = YES;
				CLANG_ANALYZER_NUMBER_OBJECT_CONVERSION = YES_AGGRESSIVE;
				CLANG_CXX_LANGUAGE_STANDARD = "gnu++14";
				CLANG_CXX_LIBRARY = "libc++";
				CLANG_ENABLE_MODULES = YES;
				CLANG_ENABLE_OBJC_ARC = YES;
				CLANG_WARN_BLOCK_CAPTURE_AUTORELEASING = YES;
				CLANG_WARN_BOOL_CONVERSION = YES;
				CLANG_WARN_COMMA = YES;
				CLANG_WARN_CONSTANT_CONVERSION = YES;
				CLANG_WARN_DIRECT_OBJC_ISA_USAGE = YES_ERROR;
				CLANG_WARN_DOCUMENTATION_COMMENTS = YES;
				CLANG_WARN_EMPTY_BODY = YES;
				CLANG_WARN_ENUM_CONVERSION = YES;
				CLANG_WARN_INFINITE_RECURSION = YES;
				CLANG_WARN_INT_CONVERSION = YES;
				CLANG_WARN_NON_LITERAL_NULL_CONVERSION = YES;
				CLANG_WARN_OBJC_LITERAL_CONVERSION = YES;
				CLANG_WARN_OBJC_ROOT_CLASS = YES_ERROR;
				CLANG_WARN_RANGE_LOOP_ANALYSIS = YES;
				CLANG_WARN_STRICT_PROTOTYPES = YES;
				CLANG_WARN_SUSPICIOUS_MOVE = YES;
				CLANG_WARN_UNGUARDED_AVAILABILITY = YES_AGGRESSIVE;
				CLANG_WARN_UNREACHABLE_CODE = YES;
				CLANG_WARN__DUPLICATE_METHOD_MATCH = YES;
				CODE_SIGN_IDENTITY = "iPhone Developer";
				COPY_PHASE_STRIP = NO;
				DEBUG_INFORMATION_FORMAT = dwarf;
				ENABLE_STRICT_OBJC_MSGSEND = YES;
				ENABLE_TESTABILITY = YES;
				GCC_C_LANGUAGE_STANDARD = gnu11;
				GCC_DYNAMIC_NO_PIC = NO;
				GCC_NO_COMMON_BLOCKS = YES;
				GCC_OPTIMIZATION_LEVEL = 0;
				GCC_PREPROCESSOR_DEFINITIONS = (
					"DEBUG=1",
					"$(inherited)",
				);
				GCC_WARN_64_TO_32_BIT_CONVERSION = YES;
				GCC_WARN_ABOUT_RETURN_TYPE = YES_ERROR;
				GCC_WARN_UNDECLARED_SELECTOR = YES;
				GCC_WARN_UNINITIALIZED_AUTOS = YES_AGGRESSIVE;
				GCC_WARN_UNUSED_FUNCTION = YES;
				GCC_WARN_UNUSED_VARIABLE = YES;
				IPHONEOS_DEPLOYMENT_TARGET = 11.2;
				MTL_ENABLE_DEBUG_INFO = YES;
				ONLY_ACTIVE_ARCH = YES;
				SDKROOT = iphoneos;
			};
			name = Debug;
		};
		4DBE6E1D2066EE8700081F1F /* Release */ = {
			isa = XCBuildConfiguration;
			buildSettings = {
				ALWAYS_SEARCH_USER_PATHS = NO;
				CLANG_ANALYZER_NONNULL = YES;
				CLANG_ANALYZER_NUMBER_OBJECT_CONVERSION = YES_AGGRESSIVE;
				CLANG_CXX_LANGUAGE_STANDARD = "gnu++14";
				CLANG_CXX_LIBRARY = "libc++";
				CLANG_ENABLE_MODULES = YES;
				CLANG_ENABLE_OBJC_ARC = YES;
				CLANG_WARN_BLOCK_CAPTURE_AUTORELEASING = YES;
				CLANG_WARN_BOOL_CONVERSION = YES;
				CLANG_WARN_COMMA = YES;
				CLANG_WARN_CONSTANT_CONVERSION = YES;
				CLANG_WARN_DIRECT_OBJC_ISA_USAGE = YES_ERROR;
				CLANG_WARN_DOCUMENTATION_COMMENTS = YES;
				CLANG_WARN_EMPTY_BODY = YES;
				CLANG_WARN_ENUM_CONVERSION = YES;
				CLANG_WARN_INFINITE_RECURSION = YES;
				CLANG_WARN_INT_CONVERSION = YES;
				CLANG_WARN_NON_LITERAL_NULL_CONVERSION = YES;
				CLANG_WARN_OBJC_LITERAL_CONVERSION = YES;
				CLANG_WARN_OBJC_ROOT_CLASS = YES_ERROR;
				CLANG_WARN_RANGE_LOOP_ANALYSIS = YES;
				CLANG_WARN_STRICT_PROTOTYPES = YES;
				CLANG_WARN_SUSPICIOUS_MOVE = YES;
				CLANG_WARN_UNGUARDED_AVAILABILITY = YES_AGGRESSIVE;
				CLANG_WARN_UNREACHABLE_CODE = YES;
				CLANG_WARN__DUPLICATE_METHOD_MATCH = YES;
				CODE_SIGN_IDENTITY = "iPhone Developer";
				COPY_PHASE_STRIP = NO;
				DEBUG_INFORMATION_FORMAT = "dwarf-with-dsym";
				ENABLE_NS_ASSERTIONS = NO;
				ENABLE_STRICT_OBJC_MSGSEND = YES;
				GCC_C_LANGUAGE_STANDARD = gnu11;
				GCC_NO_COMMON_BLOCKS = YES;
				GCC_WARN_64_TO_32_BIT_CONVERSION = YES;
				GCC_WARN_ABOUT_RETURN_TYPE = YES_ERROR;
				GCC_WARN_UNDECLARED_SELECTOR = YES;
				GCC_WARN_UNINITIALIZED_AUTOS = YES_AGGRESSIVE;
				GCC_WARN_UNUSED_FUNCTION = YES;
				GCC_WARN_UNUSED_VARIABLE = YES;
				IPHONEOS_DEPLOYMENT_TARGET = 11.2;
				MTL_ENABLE_DEBUG_INFO = NO;
				SDKROOT = iphoneos;
				VALIDATE_PRODUCT = YES;
			};
			name = Release;
		};
		4DBE6E1F2066EE8700081F1F /* Debug */ = {
			isa = XCBuildConfiguration;
			buildSettings = {
				ASSETCATALOG_COMPILER_APPICON_NAME = AppIcon;
				CODE_SIGN_STYLE = Automatic;
				DEVELOPMENT_TEAM = 5Y496X3RDW;
				INFOPLIST_FILE = DrillApp/Info.plist;
				LD_RUNPATH_SEARCH_PATHS = "$(inherited) @executable_path/Frameworks";
				PRODUCT_BUNDLE_IDENTIFIER = com.markdisler.DrillApp;
				PRODUCT_NAME = "$(TARGET_NAME)";
				TARGETED_DEVICE_FAMILY = "1,2";
			};
			name = Debug;
		};
		4DBE6E202066EE8700081F1F /* Release */ = {
			isa = XCBuildConfiguration;
			buildSettings = {
				ASSETCATALOG_COMPILER_APPICON_NAME = AppIcon;
				CODE_SIGN_STYLE = Automatic;
				DEVELOPMENT_TEAM = 5Y496X3RDW;
				INFOPLIST_FILE = DrillApp/Info.plist;
				LD_RUNPATH_SEARCH_PATHS = "$(inherited) @executable_path/Frameworks";
				PRODUCT_BUNDLE_IDENTIFIER = com.markdisler.DrillApp;
				PRODUCT_NAME = "$(TARGET_NAME)";
				TARGETED_DEVICE_FAMILY = "1,2";
			};
			name = Release;
		};
/* End XCBuildConfiguration section */

/* Begin XCConfigurationList section */
		4DBE6E032066EE8700081F1F /* Build configuration list for PBXProject "DrillApp" */ = {
			isa = XCConfigurationList;
			buildConfigurations = (
				4DBE6E1C2066EE8700081F1F /* Debug */,
				4DBE6E1D2066EE8700081F1F /* Release */,
			);
			defaultConfigurationIsVisible = 0;
			defaultConfigurationName = Release;
		};
		4DBE6E1E2066EE8700081F1F /* Build configuration list for PBXNativeTarget "DrillApp" */ = {
			isa = XCConfigurationList;
			buildConfigurations = (
				4DBE6E1F2066EE8700081F1F /* Debug */,
				4DBE6E202066EE8700081F1F /* Release */,
			);
			defaultConfigurationIsVisible = 0;
			defaultConfigurationName = Release;
		};
/* End XCConfigurationList section */
	};
	rootObject = 4DBE6E002066EE8700081F1F /* Project object */;
}
